
Microsoft Visual Studio Solution File, Format Version 12.00
# Visual Studio Version 16
VisualStudioVersion = 16.0.30225.117
MinimumVisualStudioVersion = 10.0.40219.1
Project("{FAE04EC0-301F-11D3-BF4B-00C04F79EFBC}") = "Calculator", "Calculator\Calculator.csproj", "{5BD971E2-9F02-4945-98D1-90550DDE3BF4}"
EndProject
Global
	GlobalSection(SolutionConfigurationPlatforms) = preSolution
		Debug|Any CPU = Debug|Any CPU
		Release|Any CPU = Release|Any CPU
	EndGlobalSection
	GlobalSection(ProjectConfigurationPlatforms) = postSolution
		{5BD971E2-9F02-4945-98D1-90550DDE3BF4}.Debug|Any CPU.ActiveCfg = Debug|Any CPU
		{5BD971E2-9F02-4945-98D1-90550DDE3BF4}.Debug|Any CPU.Build.0 = Debug|Any CPU
		{5BD971E2-9F02-4945-98D1-90550DDE3BF4}.Release|Any CPU.ActiveCfg = Release|Any CPU
		{5BD971E2-9F02-4945-98D1-90550DDE3BF4}.Release|Any CPU.Build.0 = Release|Any CPU
	EndGlobalSection
	GlobalSection(SolutionProperties) = preSolution
		HideSolutionNode = FALSE
	EndGlobalSection
	GlobalSection(ExtensibilityGlobals) = postSolution
		SolutionGuid = {2C319B2E-7DE3-45D4-AD91-82908238455D}
	EndGlobalSection
EndGlobal
